
Microsoft Visual Studio Solution File, Format Version 12.00
# Visual Studio Version 16
VisualStudioVersion = 16.0.31702.278
MinimumVisualStudioVersion = 10.0.40219.1
Project("{FAE04EC0-301F-11D3-BF4B-00C04F79EFBC}") = "T2008M_NetCoreApi", "T2008M_NetCoreApi\T2008M_NetCoreApi.csproj", "{EA835A94-D324-4638-8177-3463B0C6F631}"
EndProject
Global
	GlobalSection(SolutionConfigurationPlatforms) = preSolution
		Debug|Any CPU = Debug|Any CPU
		Release|Any CPU = Release|Any CPU
	EndGlobalSection
	GlobalSection(ProjectConfigurationPlatforms) = postSolution
		{EA835A94-D324-4638-8177-3463B0C6F631}.Debug|Any CPU.ActiveCfg = Debug|Any CPU
		{EA835A94-D324-4638-8177-3463B0C6F631}.Debug|Any CPU.Build.0 = Debug|Any CPU
		{EA835A94-D324-4638-8177-3463B0C6F631}.Release|Any CPU.ActiveCfg = Release|Any CPU
		{EA835A94-D324-4638-8177-3463B0C6F631}.Release|Any CPU.Build.0 = Release|Any CPU
	EndGlobalSection
	GlobalSection(SolutionProperties) = preSolution
		HideSolutionNode = FALSE
	EndGlobalSection
	GlobalSection(ExtensibilityGlobals) = postSolution
		SolutionGuid = {75038EC9-C477-4F75-9A63-CB77EF81A90F}
	EndGlobalSection
EndGlobal
